// !$*UTF8*$!
{
	archiveVersion = 1;
	classes = {
	};
	objectVersion = 77;
	objects = {

/* Begin PBXContainerItemProxy section */
		A0F2247B2D880255005AABDE /* PBXContainerItemProxy */ = {
			isa = PBXContainerItemProxy;
			containerPortal = A0F2245C2D880252005AABDE /* Project object */;
			proxyType = 1;
			remoteGlobalIDString = A0F224632D880253005AABDE;
			remoteInfo = "I Am Pig";
		};
		A0F224852D880255005AABDE /* PBXContainerItemProxy */ = {
			isa = PBXContainerItemProxy;
			containerPortal = A0F2245C2D880252005AABDE /* Project object */;
			proxyType = 1;
			remoteGlobalIDString = A0F224632D880253005AABDE;
			remoteInfo = "I Am Pig";
		};
/* End PBXContainerItemProxy section */

/* Begin PBXFileReference section */
		A0F224642D880253005AABDE /* I Am Pig.app */ = {isa = PBXFileReference; explicitFileType = wrapper.application; includeInIndex = 0; path = "I Am Pig.app"; sourceTree = BUILT_PRODUCTS_DIR; };
		A0F2247A2D880255005AABDE /* I Am PigTests.xctest */ = {isa = PBXFileReference; explicitFileType = wrapper.cfbundle; includeInIndex = 0; path = "I Am PigTests.xctest"; sourceTree = BUILT_PRODUCTS_DIR; };
		A0F224842D880255005AABDE /* I Am PigUITests.xctest */ = {isa = PBXFileReference; explicitFileType = wrapper.cfbundle; includeInIndex = 0; path = "I Am PigUITests.xctest"; sourceTree = BUILT_PRODUCTS_DIR; };
/* End PBXFileReference section */

/* Begin PBXFileSystemSynchronizedBuildFileExceptionSet section */
		A0F2248C2D880255005AABDE /* Exceptions for "I Am Pig" folder in "I Am Pig" target */ = {
			isa = PBXFileSystemSynchronizedBuildFileExceptionSet;
			membershipExceptions = (
				Info.plist,
			);
			target = A0F224632D880253005AABDE /* I Am Pig */;
		};
/* End PBXFileSystemSynchronizedBuildFileExceptionSet section */

/* Begin PBXFileSystemSynchronizedRootGroup section */
		A0F224662D880253005AABDE /* I Am Pig */ = {
			isa = PBXFileSystemSynchronizedRootGroup;
			exceptions = (
				A0F2248C2D880255005AABDE /* Exceptions for "I Am Pig" folder in "I Am Pig" target */,
			);
			path = "I Am Pig";
			sourceTree = "<group>";
		};
		A0F2247D2D880255005AABDE /* I Am PigTests */ = {
			isa = PBXFileSystemSynchronizedRootGroup;
			path = "I Am PigTests";
			sourceTree = "<group>";
		};
		A0F224872D880255005AABDE /* I Am PigUITests */ = {
			isa = PBXFileSystemSynchronizedRootGroup;
			path = "I Am PigUITests";
			sourceTree = "<group>";
		};
/* End PBXFileSystemSynchronizedRootGroup section */

/* Begin PBXFrameworksBuildPhase section */
		A0F224612D880253005AABDE /* Frameworks */ = {
			isa = PBXFrameworksBuildPhase;
			buildActionMask = 2147483647;
			files = (
			);
			runOnlyForDeploymentPostprocessing = 0;
		};
		A0F224772D880255005AABDE /* Frameworks */ = {
			isa = PBXFrameworksBuildPhase;
			buildActionMask = 2147483647;
			files = (
			);
			runOnlyForDeploymentPostprocessing = 0;
		};
		A0F224812D880255005AABDE /* Frameworks */ = {
			isa = PBXFrameworksBuildPhase;
			buildActionMask = 2147483647;
			files = (
			);
			runOnlyForDeploymentPostprocessing = 0;
		};
/* End PBXFrameworksBuildPhase section */

/* Begin PBXGroup section */
		A0F2245B2D880252005AABDE = {
			isa = PBXGroup;
			children = (
				A0F224662D880253005AABDE /* I Am Pig */,
				A0F2247D2D880255005AABDE /* I Am PigTests */,
				A0F224872D880255005AABDE /* I Am PigUITests */,
				A0F224652D880253005AABDE /* Products */,
			);
			sourceTree = "<group>";
		};
		A0F224652D880253005AABDE /* Products */ = {
			isa = PBXGroup;
			children = (
				A0F224642D880253005AABDE /* I Am Pig.app */,
				A0F2247A2D880255005AABDE /* I Am PigTests.xctest */,
				A0F224842D880255005AABDE /* I Am PigUITests.xctest */,
			);
			name = Products;
			sourceTree = "<group>";
		};
/* End PBXGroup section */

/* Begin PBXNativeTarget section */
		A0F224632D880253005AABDE /* I Am Pig */ = {
			isa = PBXNativeTarget;
			buildConfigurationList = A0F2248D2D880255005AABDE /* Build configuration list for PBXNativeTarget "I Am Pig" */;
			buildPhases = (
				A0F224602D880253005AABDE /* Sources */,
				A0F224612D880253005AABDE /* Frameworks */,
				A0F224622D880253005AABDE /* Resources */,
			);
			buildRules = (
			);
			dependencies = (
			);
			fileSystemSynchronizedGroups = (
				A0F224662D880253005AABDE /* I Am Pig */,
			);
			name = "I Am Pig";
			packageProductDependencies = (
			);
			productName = "I Am Pig";
			productReference = A0F224642D880253005AABDE /* I Am Pig.app */;
			productType = "com.apple.product-type.application";
		};
		A0F224792D880255005AABDE /* I Am PigTests */ = {
			isa = PBXNativeTarget;
			buildConfigurationList = A0F224922D880255005AABDE /* Build configuration list for PBXNativeTarget "I Am PigTests" */;
			buildPhases = (
				A0F224762D880255005AABDE /* Sources */,
				A0F224772D880255005AABDE /* Frameworks */,
				A0F224782D880255005AABDE /* Resources */,
			);
			buildRules = (
			);
			dependencies = (
				A0F2247C2D880255005AABDE /* PBXTargetDependency */,
			);
			fileSystemSynchronizedGroups = (
				A0F2247D2D880255005AABDE /* I Am PigTests */,
			);
			name = "I Am PigTests";
			packageProductDependencies = (
			);
			productName = "I Am PigTests";
			productReference = A0F2247A2D880255005AABDE /* I Am PigTests.xctest */;
			productType = "com.apple.product-type.bundle.unit-test";
		};
		A0F224832D880255005AABDE /* I Am PigUITests */ = {
			isa = PBXNativeTarget;
			buildConfigurationList = A0F224952D880255005AABDE /* Build configuration list for PBXNativeTarget "I Am PigUITests" */;
			buildPhases = (
				A0F224802D880255005AABDE /* Sources */,
				A0F224812D880255005AABDE /* Frameworks */,
				A0F224822D880255005AABDE /* Resources */,
			);
			buildRules = (
			);
			dependencies = (
				A0F224862D880255005AABDE /* PBXTargetDependency */,
			);
			fileSystemSynchronizedGroups = (
				A0F224872D880255005AABDE /* I Am PigUITests */,
			);
			name = "I Am PigUITests";
			packageProductDependencies = (
			);
			productName = "I Am PigUITests";
			productReference = A0F224842D880255005AABDE /* I Am PigUITests.xctest */;
			productType = "com.apple.product-type.bundle.ui-testing";
		};
/* End PBXNativeTarget section */

/* Begin PBXProject section */
		A0F2245C2D880252005AABDE /* Project object */ = {
			isa = PBXProject;
			attributes = {
				BuildIndependentTargetsInParallel = 1;
				LastSwiftUpdateCheck = 1620;
				LastUpgradeCheck = 1620;
				TargetAttributes = {
					A0F224632D880253005AABDE = {
						CreatedOnToolsVersion = 16.2;
					};
					A0F224792D880255005AABDE = {
						CreatedOnToolsVersion = 16.2;
						TestTargetID = A0F224632D880253005AABDE;
					};
					A0F224832D880255005AABDE = {
						CreatedOnToolsVersion = 16.2;
						TestTargetID = A0F224632D880253005AABDE;
					};
				};
			};
			buildConfigurationList = A0F2245F2D880252005AABDE /* Build configuration list for PBXProject "I Am Pig" */;
			developmentRegion = en;
			hasScannedForEncodings = 0;
			knownRegions = (
				en,
				Base,
			);
			mainGroup = A0F2245B2D880252005AABDE;
			minimizedProjectReferenceProxies = 1;
			preferredProjectObjectVersion = 77;
			productRefGroup = A0F224652D880253005AABDE /* Products */;
			projectDirPath = "";
			projectRoot = "";
			targets = (
				A0F224632D880253005AABDE /* I Am Pig */,
				A0F224792D880255005AABDE /* I Am PigTests */,
				A0F224832D880255005AABDE /* I Am PigUITests */,
			);
		};
/* End PBXProject section */

/* Begin PBXResourcesBuildPhase section */
		A0F224622D880253005AABDE /* Resources */ = {
			isa = PBXResourcesBuildPhase;
			buildActionMask = 2147483647;
			files = (
			);
			runOnlyForDeploymentPostprocessing = 0;
		};
		A0F224782D880255005AABDE /* Resources */ = {
			isa = PBXResourcesBuildPhase;
			buildActionMask = 2147483647;
			files = (
			);
			runOnlyForDeploymentPostprocessing = 0;
		};
		A0F224822D880255005AABDE /* Resources */ = {
			isa = PBXResourcesBuildPhase;
			buildActionMask = 2147483647;
			files = (
			);
			runOnlyForDeploymentPostprocessing = 0;
		};
/* End PBXResourcesBuildPhase section */

/* Begin PBXSourcesBuildPhase section */
		A0F224602D880253005AABDE /* Sources */ = {
			isa = PBXSourcesBuildPhase;
			buildActionMask = 2147483647;
			files = (
			);
			runOnlyForDeploymentPostprocessing = 0;
		};
		A0F224762D880255005AABDE /* Sources */ = {
			isa = PBXSourcesBuildPhase;
			buildActionMask = 2147483647;
			files = (
			);
			runOnlyForDeploymentPostprocessing = 0;
		};
		A0F224802D880255005AABDE /* Sources */ = {
			isa = PBXSourcesBuildPhase;
			buildActionMask = 2147483647;
			files = (
			);
			runOnlyForDeploymentPostprocessing = 0;
		};
/* End PBXSourcesBuildPhase section */

/* Begin PBXTargetDependency section */
		A0F2247C2D880255005AABDE /* PBXTargetDependency */ = {
			isa = PBXTargetDependency;
			target = A0F224632D880253005AABDE /* I Am Pig */;
			targetProxy = A0F2247B2D880255005AABDE /* PBXContainerItemProxy */;
		};
		A0F224862D880255005AABDE /* PBXTargetDependency */ = {
			isa = PBXTargetDependency;
			target = A0F224632D880253005AABDE /* I Am Pig */;
			targetProxy = A0F224852D880255005AABDE /* PBXContainerItemProxy */;
		};
/* End PBXTargetDependency section */

/* Begin XCBuildConfiguration section */
		A0F2248E2D880255005AABDE /* Debug */ = {
			isa = XCBuildConfiguration;
			buildSettings = {
				ASSETCATALOG_COMPILER_APPICON_NAME = AppIcon;
				ASSETCATALOG_COMPILER_GLOBAL_ACCENT_COLOR_NAME = AccentColor;
				CODE_SIGN_STYLE = Automatic;
				CURRENT_PROJECT_VERSION = 1;
				DEVELOPMENT_TEAM = D9C28JTVJV;
				GENERATE_INFOPLIST_FILE = YES;
				INFOPLIST_FILE = "I Am Pig/Info.plist";
				INFOPLIST_KEY_UIApplicationSupportsIndirectInputEvents = YES;
				INFOPLIST_KEY_UILaunchStoryboardName = LaunchScreen;
				INFOPLIST_KEY_UIMainStoryboardFile = Main;
				INFOPLIST_KEY_UISupportedInterfaceOrientations_iPad = "UIInterfaceOrientationPortrait UIInterfaceOrientationPortraitUpsideDown UIInterfaceOrientationLandscapeLeft UIInterfaceOrientationLandscapeRight";
				INFOPLIST_KEY_UISupportedInterfaceOrientations_iPhone = "UIInterfaceOrientationPortrait UIInterfaceOrientationLandscapeLeft UIInterfaceOrientationLandscapeRight";
				LD_RUNPATH_SEARCH_PATHS = (
					"$(inherited)",
					"@executable_path/Frameworks",
				);
				MARKETING_VERSION = 1.0;
				PRODUCT_BUNDLE_IDENTIFIER = "com.cybercitycode.I-Am-Pig";
				PRODUCT_NAME = "$(TARGET_NAME)";
				SWIFT_EMIT_LOC_STRINGS = YES;
				SWIFT_VERSION = 5.0;
				TARGETED_DEVICE_FAMILY = "1,2";
			};
			name = Debug;
		};
		A0F2248F2D880255005AABDE /* Release */ = {
			isa = XCBuildConfiguration;
			buildSettings = {
				ASSETCATALOG_COMPILER_APPICON_NAME = AppIcon;
				ASSETCATALOG_COMPILER_GLOBAL_ACCENT_COLOR_NAME = AccentColor;
				CODE_SIGN_STYLE = Automatic;
				CURRENT_PROJECT_VERSION = 1;
				DEVELOPMENT_TEAM = D9C28JTVJV;
				GENERATE_INFOPLIST_FILE = YES;
				INFOPLIST_FILE = "I Am Pig/Info.plist";
				INFOPLIST_KEY_UIApplicationSupportsIndirectInputEvents = YES;
				INFOPLIST_KEY_UILaunchStoryboardName = LaunchScreen;
				INFOPLIST_KEY_UIMainStoryboardFile = Main;
				INFOPLIST_KEY_UISupportedInterfaceOrientations_iPad = "UIInterfaceOrientationPortrait UIInterfaceOrientationPortraitUpsideDown UIInterfaceOrientationLandscapeLeft UIInterfaceOrientationLandscapeRight";
				INFOPLIST_KEY_UISupportedInterfaceOrientations_iPhone = "UIInterfaceOrientationPortrait UIInterfaceOrientationLandscapeLeft UIInterfaceOrientationLandscapeRight";
				LD_RUNPATH_SEARCH_PATHS = (
					"$(inherited)",
					"@executable_path/Frameworks",
				);
				MARKETING_VERSION = 1.0;
				PRODUCT_BUNDLE_IDENTIFIER = "com.cybercitycode.I-Am-Pig";
				PRODUCT_NAME = "$(TARGET_NAME)";
				SWIFT_EMIT_LOC_STRINGS = YES;
				SWIFT_VERSION = 5.0;
				TARGETED_DEVICE_FAMILY = "1,2";
			};
			name = Release;
		};
		A0F224902D880255005AABDE /* Debug */ = {
			isa = XCBuildConfiguration;
			buildSettings = {
				ALWAYS_SEARCH_USER_PATHS = NO;
				ASSETCATALOG_COMPILER_GENERATE_SWIFT_ASSET_SYMBOL_EXTENSIONS = YES;
				CLANG_ANALYZER_NONNULL = YES;
				CLANG_ANALYZER_NUMBER_OBJECT_CONVERSION = YES_AGGRESSIVE;
				CLANG_CXX_LANGUAGE_STANDARD = "gnu++20";
				CLANG_ENABLE_MODULES = YES;
				CLANG_ENABLE_OBJC_ARC = YES;
				CLANG_ENABLE_OBJC_WEAK = YES;
				CLANG_WARN_BLOCK_CAPTURE_AUTORELEASING = YES;
				CLANG_WARN_BOOL_CONVERSION = YES;
				CLANG_WARN_COMMA = YES;
				CLANG_WARN_CONSTANT_CONVERSION = YES;
				CLANG_WARN_DEPRECATED_OBJC_IMPLEMENTATIONS = YES;
				CLANG_WARN_DIRECT_OBJC_ISA_USAGE = YES_ERROR;
				CLANG_WARN_DOCUMENTATION_COMMENTS = YES;
				CLANG_WARN_EMPTY_BODY = YES;
				CLANG_WARN_ENUM_CONVERSION = YES;
				CLANG_WARN_INFINITE_RECURSION = YES;
				CLANG_WARN_INT_CONVERSION = YES;
				CLANG_WARN_NON_LITERAL_NULL_CONVERSION = YES;
				CLANG_WARN_OBJC_IMPLICIT_RETAIN_SELF = YES;
				CLANG_WARN_OBJC_LITERAL_CONVERSION = YES;
				CLANG_WARN_OBJC_ROOT_CLASS = YES_ERROR;
				CLANG_WARN_QUOTED_INCLUDE_IN_FRAMEWORK_HEADER = YES;
				CLANG_WARN_RANGE_LOOP_ANALYSIS = YES;
				CLANG_WARN_STRICT_PROTOTYPES = YES;
				CLANG_WARN_SUSPICIOUS_MOVE = YES;
				CLANG_WARN_UNGUARDED_AVAILABILITY = YES_AGGRESSIVE;
				CLANG_WARN_UNREACHABLE_CODE = YES;
				CLANG_WARN__DUPLICATE_METHOD_MATCH = YES;
				COPY_PHASE_STRIP = NO;
				DEBUG_INFORMATION_FORMAT = dwarf;
				ENABLE_STRICT_OBJC_MSGSEND = YES;
				ENABLE_TESTABILITY = YES;
				ENABLE_USER_SCRIPT_SANDBOXING = YES;
				GCC_C_LANGUAGE_STANDARD = gnu17;
				GCC_DYNAMIC_NO_PIC = NO;
				GCC_NO_COMMON_BLOCKS = YES;
				GCC_OPTIMIZATION_LEVEL = 0;
				GCC_PREPROCESSOR_DEFINITIONS = (
					"DEBUG=1",
					"$(inherited)",
				);
				GCC_WARN_64_TO_32_BIT_CONVERSION = YES;
				GCC_WARN_ABOUT_RETURN_TYPE = YES_ERROR;
				GCC_WARN_UNDECLARED_SELECTOR = YES;
				GCC_WARN_UNINITIALIZED_AUTOS = YES_AGGRESSIVE;
				GCC_WARN_UNUSED_FUNCTION = YES;
				GCC_WARN_UNUSED_VARIABLE = YES;
				IPHONEOS_DEPLOYMENT_TARGET = 18.2;
				LOCALIZATION_PREFERS_STRING_CATALOGS = YES;
				MTL_ENABLE_DEBUG_INFO = INCLUDE_SOURCE;
				MTL_FAST_MATH = YES;
				ONLY_ACTIVE_ARCH = YES;
				SDKROOT = iphoneos;
				SWIFT_ACTIVE_COMPILATION_CONDITIONS = "DEBUG $(inherited)";
				SWIFT_OPTIMIZATION_LEVEL = "-Onone";
			};
			name = Debug;
		};
		A0F224912D880255005AABDE /* Release */ = {
			isa = XCBuildConfiguration;
			buildSettings = {
				ALWAYS_SEARCH_USER_PATHS = NO;
				ASSETCATALOG_COMPILER_GENERATE_SWIFT_ASSET_SYMBOL_EXTENSIONS = YES;
				CLANG_ANALYZER_NONNULL = YES;
				CLANG_ANALYZER_NUMBER_OBJECT_CONVERSION = YES_AGGRESSIVE;
				CLANG_CXX_LANGUAGE_STANDARD = "gnu++20";
				CLANG_ENABLE_MODULES = YES;
				CLANG_ENABLE_OBJC_ARC = YES;
				CLANG_ENABLE_OBJC_WEAK = YES;
				CLANG_WARN_BLOCK_CAPTURE_AUTORELEASING = YES;
				CLANG_WARN_BOOL_CONVERSION = YES;
				CLANG_WARN_COMMA = YES;
				CLANG_WARN_CONSTANT_CONVERSION = YES;
				CLANG_WARN_DEPRECATED_OBJC_IMPLEMENTATIONS = YES;
				CLANG_WARN_DIRECT_OBJC_ISA_USAGE = YES_ERROR;
				CLANG_WARN_DOCUMENTATION_COMMENTS = YES;
				CLANG_WARN_EMPTY_BODY = YES;
				CLANG_WARN_ENUM_CONVERSION = YES;
				CLANG_WARN_INFINITE_RECURSION = YES;
				CLANG_WARN_INT_CONVERSION = YES;
				CLANG_WARN_NON_LITERAL_NULL_CONVERSION = YES;
				CLANG_WARN_OBJC_IMPLICIT_RETAIN_SELF = YES;
				CLANG_WARN_OBJC_LITERAL_CONVERSION = YES;
				CLANG_WARN_OBJC_ROOT_CLASS = YES_ERROR;
				CLANG_WARN_QUOTED_INCLUDE_IN_FRAMEWORK_HEADER = YES;
				CLANG_WARN_RANGE_LOOP_ANALYSIS = YES;
				CLANG_WARN_STRICT_PROTOTYPES = YES;
				CLANG_WARN_SUSPICIOUS_MOVE = YES;
				CLANG_WARN_UNGUARDED_AVAILABILITY = YES_AGGRESSIVE;
				CLANG_WARN_UNREACHABLE_CODE = YES;
				CLANG_WARN__DUPLICATE_METHOD_MATCH = YES;
				COPY_PHASE_STRIP = NO;
				DEBUG_INFORMATION_FORMAT = "dwarf-with-dsym";
				ENABLE_NS_ASSERTIONS = NO;
				ENABLE_STRICT_OBJC_MSGSEND = YES;
				ENABLE_USER_SCRIPT_SANDBOXING = YES;
				GCC_C_LANGUAGE_STANDARD = gnu17;
				GCC_NO_COMMON_BLOCKS = YES;
				GCC_WARN_64_TO_32_BIT_CONVERSION = YES;
				GCC_WARN_ABOUT_RETURN_TYPE = YES_ERROR;
				GCC_WARN_UNDECLARED_SELECTOR = YES;
				GCC_WARN_UNINITIALIZED_AUTOS = YES_AGGRESSIVE;
				GCC_WARN_UNUSED_FUNCTION = YES;
				GCC_WARN_UNUSED_VARIABLE = YES;
				IPHONEOS_DEPLOYMENT_TARGET = 18.2;
				LOCALIZATION_PREFERS_STRING_CATALOGS = YES;
				MTL_ENABLE_DEBUG_INFO = NO;
				MTL_FAST_MATH = YES;
				SDKROOT = iphoneos;
				SWIFT_COMPILATION_MODE = wholemodule;
				VALIDATE_PRODUCT = YES;
			};
			name = Release;
		};
		A0F224932D880255005AABDE /* Debug */ = {
			isa = XCBuildConfiguration;
			buildSettings = {
				BUNDLE_LOADER = "$(TEST_HOST)";
				CODE_SIGN_STYLE = Automatic;
				CURRENT_PROJECT_VERSION = 1;
				DEVELOPMENT_TEAM = D9C28JTVJV;
				GENERATE_INFOPLIST_FILE = YES;
				IPHONEOS_DEPLOYMENT_TARGET = 18.2;
				MARKETING_VERSION = 1.0;
				PRODUCT_BUNDLE_IDENTIFIER = "com.cybercitycode.I-Am-PigTests";
				PRODUCT_NAME = "$(TARGET_NAME)";
				SWIFT_EMIT_LOC_STRINGS = NO;
				SWIFT_VERSION = 5.0;
				TARGETED_DEVICE_FAMILY = "1,2";
				TEST_HOST = "$(BUILT_PRODUCTS_DIR)/I Am Pig.app/$(BUNDLE_EXECUTABLE_FOLDER_PATH)/I Am Pig";
			};
			name = Debug;
		};
		A0F224942D880255005AABDE /* Release */ = {
			isa = XCBuildConfiguration;
			buildSettings = {
				BUNDLE_LOADER = "$(TEST_HOST)";
				CODE_SIGN_STYLE = Automatic;
				CURRENT_PROJECT_VERSION = 1;
				DEVELOPMENT_TEAM = D9C28JTVJV;
				GENERATE_INFOPLIST_FILE = YES;
				IPHONEOS_DEPLOYMENT_TARGET = 18.2;
				MARKETING_VERSION = 1.0;
				PRODUCT_BUNDLE_IDENTIFIER = "com.cybercitycode.I-Am-PigTests";
				PRODUCT_NAME = "$(TARGET_NAME)";
				SWIFT_EMIT_LOC_STRINGS = NO;
				SWIFT_VERSION = 5.0;
				TARGETED_DEVICE_FAMILY = "1,2";
				TEST_HOST = "$(BUILT_PRODUCTS_DIR)/I Am Pig.app/$(BUNDLE_EXECUTABLE_FOLDER_PATH)/I Am Pig";
			};
			name = Release;
		};
		A0F224962D880255005AABDE /* Debug */ = {
			isa = XCBuildConfiguration;
			buildSettings = {
				CODE_SIGN_STYLE = Automatic;
				CURRENT_PROJECT_VERSION = 1;
				DEVELOPMENT_TEAM = D9C28JTVJV;
				GENERATE_INFOPLIST_FILE = YES;
				MARKETING_VERSION = 1.0;
				PRODUCT_BUNDLE_IDENTIFIER = "com.cybercitycode.I-Am-PigUITests";
				PRODUCT_NAME = "$(TARGET_NAME)";
				SWIFT_EMIT_LOC_STRINGS = NO;
				SWIFT_VERSION = 5.0;
				TARGETED_DEVICE_FAMILY = "1,2";
				TEST_TARGET_NAME = "I Am Pig";
			};
			name = Debug;
		};
		A0F224972D880255005AABDE /* Release */ = {
			isa = XCBuildConfiguration;
			buildSettings = {
				CODE_SIGN_STYLE = Automatic;
				CURRENT_PROJECT_VERSION = 1;
				DEVELOPMENT_TEAM = D9C28JTVJV;
				GENERATE_INFOPLIST_FILE = YES;
				MARKETING_VERSION = 1.0;
				PRODUCT_BUNDLE_IDENTIFIER = "com.cybercitycode.I-Am-PigUITests";
				PRODUCT_NAME = "$(TARGET_NAME)";
				SWIFT_EMIT_LOC_STRINGS = NO;
				SWIFT_VERSION = 5.0;
				TARGETED_DEVICE_FAMILY = "1,2";
				TEST_TARGET_NAME = "I Am Pig";
			};
			name = Release;
		};
/* End XCBuildConfiguration section */

/* Begin XCConfigurationList section */
		A0F2245F2D880252005AABDE /* Build configuration list for PBXProject "I Am Pig" */ = {
			isa = XCConfigurationList;
			buildConfigurations = (
				A0F224902D880255005AABDE /* Debug */,
				A0F224912D880255005AABDE /* Release */,
			);
			defaultConfigurationIsVisible = 0;
			defaultConfigurationName = Release;
		};
		A0F2248D2D880255005AABDE /* Build configuration list for PBXNativeTarget "I Am Pig" */ = {
			isa = XCConfigurationList;
			buildConfigurations = (
				A0F2248E2D880255005AABDE /* Debug */,
				A0F2248F2D880255005AABDE /* Release */,
			);
			defaultConfigurationIsVisible = 0;
			defaultConfigurationName = Release;
		};
		A0F224922D880255005AABDE /* Build configuration list for PBXNativeTarget "I Am PigTests" */ = {
			isa = XCConfigurationList;
			buildConfigurations = (
				A0F224932D880255005AABDE /* Debug */,
				A0F224942D880255005AABDE /* Release */,
			);
			defaultConfigurationIsVisible = 0;
			defaultConfigurationName = Release;
		};
		A0F224952D880255005AABDE /* Build configuration list for PBXNativeTarget "I Am PigUITests" */ = {
			isa = XCConfigurationList;
			buildConfigurations = (
				A0F224962D880255005AABDE /* Debug */,
				A0F224972D880255005AABDE /* Release */,
			);
			defaultConfigurationIsVisible = 0;
			defaultConfigurationName = Release;
		};
/* End XCConfigurationList section */
	};
	rootObject = A0F2245C2D880252005AABDE /* Project object */;
}
